
Microsoft Visual Studio Solution File, Format Version 12.00
# Visual Studio 2012
Project("{FAE04EC0-301F-11D3-BF4B-00C04F79EFBC}") = "Chen.Yinghe.PJ1", "Chen.Yinghe.PJ1\Chen.Yinghe.PJ1.csproj", "{2E6F805D-A177-43EC-A189-B9E5149F4C2D}"
EndProject
Project("{FAE04EC0-301F-11D3-BF4B-00C04F79EFBC}") = "Chen.Yinghe.PJ1.iOS", "iOS\Chen.Yinghe.PJ1.iOS.csproj", "{C7CDAA8C-56F8-46D9-B65C-AB3CBC5FDA05}"
EndProject
Project("{FAE04EC0-301F-11D3-BF4B-00C04F79EFBC}") = "Chen.Yinghe.PJ1.Droid", "Droid\Chen.Yinghe.PJ1.Droid.csproj", "{4E9FE25E-5494-47AB-8ADE-A70768C31045}"
EndProject
Global
	GlobalSection(SolutionConfigurationPlatforms) = preSolution
		Debug|Any CPU = Debug|Any CPU
		Release|Any CPU = Release|Any CPU
		Debug|iPhoneSimulator = Debug|iPhoneSimulator
		Release|iPhone = Release|iPhone
		Release|iPhoneSimulator = Release|iPhoneSimulator
		Debug|iPhone = Debug|iPhone
	EndGlobalSection
	GlobalSection(ProjectConfigurationPlatforms) = postSolution
		{2E6F805D-A177-43EC-A189-B9E5149F4C2D}.Debug|Any CPU.ActiveCfg = Debug|Any CPU
		{2E6F805D-A177-43EC-A189-B9E5149F4C2D}.Debug|Any CPU.Build.0 = Debug|Any CPU
		{2E6F805D-A177-43EC-A189-B9E5149F4C2D}.Release|Any CPU.ActiveCfg = Release|Any CPU
		{2E6F805D-A177-43EC-A189-B9E5149F4C2D}.Release|Any CPU.Build.0 = Release|Any CPU
		{2E6F805D-A177-43EC-A189-B9E5149F4C2D}.Debug|iPhoneSimulator.ActiveCfg = Debug|Any CPU
		{2E6F805D-A177-43EC-A189-B9E5149F4C2D}.Debug|iPhoneSimulator.Build.0 = Debug|Any CPU
		{2E6F805D-A177-43EC-A189-B9E5149F4C2D}.Release|iPhone.ActiveCfg = Release|Any CPU
		{2E6F805D-A177-43EC-A189-B9E5149F4C2D}.Release|iPhone.Build.0 = Release|Any CPU
		{2E6F805D-A177-43EC-A189-B9E5149F4C2D}.Release|iPhoneSimulator.ActiveCfg = Release|Any CPU
		{2E6F805D-A177-43EC-A189-B9E5149F4C2D}.Release|iPhoneSimulator.Build.0 = Release|Any CPU
		{2E6F805D-A177-43EC-A189-B9E5149F4C2D}.Debug|iPhone.ActiveCfg = Debug|Any CPU
		{2E6F805D-A177-43EC-A189-B9E5149F4C2D}.Debug|iPhone.Build.0 = Debug|Any CPU
		{C7CDAA8C-56F8-46D9-B65C-AB3CBC5FDA05}.Debug|Any CPU.ActiveCfg = Debug|iPhoneSimulator
		{C7CDAA8C-56F8-46D9-B65C-AB3CBC5FDA05}.Debug|Any CPU.Build.0 = Debug|iPhoneSimulator
		{C7CDAA8C-56F8-46D9-B65C-AB3CBC5FDA05}.Release|Any CPU.ActiveCfg = Release|iPhone
		{C7CDAA8C-56F8-46D9-B65C-AB3CBC5FDA05}.Release|Any CPU.Build.0 = Release|iPhone
		{C7CDAA8C-56F8-46D9-B65C-AB3CBC5FDA05}.Debug|iPhoneSimulator.ActiveCfg = Debug|iPhoneSimulator
		{C7CDAA8C-56F8-46D9-B65C-AB3CBC5FDA05}.Debug|iPhoneSimulator.Build.0 = Debug|iPhoneSimulator
		{C7CDAA8C-56F8-46D9-B65C-AB3CBC5FDA05}.Release|iPhone.ActiveCfg = Release|iPhone
		{C7CDAA8C-56F8-46D9-B65C-AB3CBC5FDA05}.Release|iPhone.Build.0 = Release|iPhone
		{C7CDAA8C-56F8-46D9-B65C-AB3CBC5FDA05}.Release|iPhoneSimulator.ActiveCfg = Release|iPhoneSimulator
		{C7CDAA8C-56F8-46D9-B65C-AB3CBC5FDA05}.Release|iPhoneSimulator.Build.0 = Release|iPhoneSimulator
		{C7CDAA8C-56F8-46D9-B65C-AB3CBC5FDA05}.Debug|iPhone.ActiveCfg = Debug|iPhone
		{C7CDAA8C-56F8-46D9-B65C-AB3CBC5FDA05}.Debug|iPhone.Build.0 = Debug|iPhone
		{4E9FE25E-5494-47AB-8ADE-A70768C31045}.Debug|Any CPU.ActiveCfg = Debug|Any CPU
		{4E9FE25E-5494-47AB-8ADE-A70768C31045}.Debug|Any CPU.Build.0 = Debug|Any CPU
		{4E9FE25E-5494-47AB-8ADE-A70768C31045}.Release|Any CPU.ActiveCfg = Release|Any CPU
		{4E9FE25E-5494-47AB-8ADE-A70768C31045}.Release|Any CPU.Build.0 = Release|Any CPU
		{4E9FE25E-5494-47AB-8ADE-A70768C31045}.Debug|iPhoneSimulator.ActiveCfg = Debug|Any CPU
		{4E9FE25E-5494-47AB-8ADE-A70768C31045}.Debug|iPhoneSimulator.Build.0 = Debug|Any CPU
		{4E9FE25E-5494-47AB-8ADE-A70768C31045}.Release|iPhone.ActiveCfg = Release|Any CPU
		{4E9FE25E-5494-47AB-8ADE-A70768C31045}.Release|iPhone.Build.0 = Release|Any CPU
		{4E9FE25E-5494-47AB-8ADE-A70768C31045}.Release|iPhoneSimulator.ActiveCfg = Release|Any CPU
		{4E9FE25E-5494-47AB-8ADE-A70768C31045}.Release|iPhoneSimulator.Build.0 = Release|Any CPU
		{4E9FE25E-5494-47AB-8ADE-A70768C31045}.Debug|iPhone.ActiveCfg = Debug|Any CPU
		{4E9FE25E-5494-47AB-8ADE-A70768C31045}.Debug|iPhone.Build.0 = Debug|Any CPU
	EndGlobalSection
EndGlobal
